
Microsoft Visual Studio Solution File, Format Version 12.00
# Visual Studio Version 17
VisualStudioVersion = 17.7.34018.315
MinimumVisualStudioVersion = 10.0.40219.1
Project("{8BC9CEB8-8B4A-11D0-8D11-00A0C91BC942}") = "ConsoleApplication1", "ConsoleApplication1.vcxproj", "{4D86FD9C-26D5-4518-9663-A6850C7D7A2B}"
EndProject
Global
	GlobalSection(SolutionConfigurationPlatforms) = preSolution
		Debug|x64 = Debug|x64
		Debug|x86 = Debug|x86
		Release|x64 = Release|x64
		Release|x86 = Release|x86
	EndGlobalSection
	GlobalSection(ProjectConfigurationPlatforms) = postSolution
		{4D86FD9C-26D5-4518-9663-A6850C7D7A2B}.Debug|x64.ActiveCfg = Debug|x64
		{4D86FD9C-26D5-4518-9663-A6850C7D7A2B}.Debug|x64.Build.0 = Debug|x64
		{4D86FD9C-26D5-4518-9663-A6850C7D7A2B}.Debug|x86.ActiveCfg = Debug|Win32
		{4D86FD9C-26D5-4518-9663-A6850C7D7A2B}.Debug|x86.Build.0 = Debug|Win32
		{4D86FD9C-26D5-4518-9663-A6850C7D7A2B}.Release|x64.ActiveCfg = Release|x64
		{4D86FD9C-26D5-4518-9663-A6850C7D7A2B}.Release|x64.Build.0 = Release|x64
		{4D86FD9C-26D5-4518-9663-A6850C7D7A2B}.Release|x86.ActiveCfg = Release|Win32
		{4D86FD9C-26D5-4518-9663-A6850C7D7A2B}.Release|x86.Build.0 = Release|Win32
	EndGlobalSection
	GlobalSection(SolutionProperties) = preSolution
		HideSolutionNode = FALSE
	EndGlobalSection
	GlobalSection(ExtensibilityGlobals) = postSolution
		SolutionGuid = {909B9E4C-2DA6-4ACA-9E87-411FCC533A39}
	EndGlobalSection
EndGlobal
